
Microsoft Visual Studio Solution File, Format Version 12.00
# Visual Studio Version 17
VisualStudioVersion = 17.0.32126.317
MinimumVisualStudioVersion = 10.0.40219.1
Project("{FAE04EC0-301F-11D3-BF4B-00C04F79EFBC}") = "Episode3", "Episode3\Episode3.csproj", "{AFAC1006-7623-4BB7-A7F5-F7E1DB910DB5}"
EndProject
Global
	GlobalSection(SolutionConfigurationPlatforms) = preSolution
		Debug|Any CPU = Debug|Any CPU
		Release|Any CPU = Release|Any CPU
	EndGlobalSection
	GlobalSection(ProjectConfigurationPlatforms) = postSolution
		{AFAC1006-7623-4BB7-A7F5-F7E1DB910DB5}.Debug|Any CPU.ActiveCfg = Debug|Any CPU
		{AFAC1006-7623-4BB7-A7F5-F7E1DB910DB5}.Debug|Any CPU.Build.0 = Debug|Any CPU
		{AFAC1006-7623-4BB7-A7F5-F7E1DB910DB5}.Release|Any CPU.ActiveCfg = Release|Any CPU
		{AFAC1006-7623-4BB7-A7F5-F7E1DB910DB5}.Release|Any CPU.Build.0 = Release|Any CPU
	EndGlobalSection
	GlobalSection(SolutionProperties) = preSolution
		HideSolutionNode = FALSE
	EndGlobalSection
	GlobalSection(ExtensibilityGlobals) = postSolution
		SolutionGuid = {95DF2AB1-CC42-45E1-AD1E-1484316C5971}
	EndGlobalSection
EndGlobal
